
Microsoft Visual Studio Solution File, Format Version 12.00
# Visual Studio Version 17
VisualStudioVersion = 17.3.32819.101
MinimumVisualStudioVersion = 10.0.40219.1
Project("{9A19103F-16F7-4668-BE54-9A1E7A4F7556}") = "CodeWars", "CodeWars\CodeWars.csproj", "{4AE0BF5B-91D3-4F71-AAC2-176F8BC31D43}"
EndProject
Project("{9A19103F-16F7-4668-BE54-9A1E7A4F7556}") = "SoftwareCrafters", "SoftwareCrafters\SoftwareCrafters.csproj", "{9E56B275-5089-42AD-826E-16BA9268FDC7}"
EndProject
Project("{2150E333-8FDC-42A3-9474-1A3956D46DE8}") = "Tests", "Tests", "{20581170-7276-4C28-8AE6-C13DD4FDC07C}"
EndProject
Project("{9A19103F-16F7-4668-BE54-9A1E7A4F7556}") = "PersonalDevelopment", "PersonalDevelopment\PersonalDevelopment.csproj", "{1377FF86-8B13-491D-B492-0703467CB827}"
EndProject
Project("{9A19103F-16F7-4668-BE54-9A1E7A4F7556}") = "SpartaGlobal.Tests", "SpartaGlobal.Tests\SpartaGlobal.Tests.csproj", "{8CE4183C-0583-483B-A119-A7853109FC74}"
EndProject
Project("{9A19103F-16F7-4668-BE54-9A1E7A4F7556}") = "CodeWars.Tests", "CodeWars.Tests\CodeWars.Tests.csproj", "{4BA1C730-FF32-401C-9B5D-B4C478CE03B3}"
EndProject
Project("{9A19103F-16F7-4668-BE54-9A1E7A4F7556}") = "PersonalDevelopment.Tests", "PersonalDevelopment.Tests\PersonalDevelopment.Tests.csproj", "{5F49C191-985B-4E7E-BE2E-F473B2BFC933}"
EndProject
Project("{9A19103F-16F7-4668-BE54-9A1E7A4F7556}") = "SoftwareCrafters.Tests", "SoftwareCrafters.Tests\SoftwareCrafters.Tests.csproj", "{DE005BD1-21B6-4190-82DA-2290EE127D37}"
EndProject
Project("{9A19103F-16F7-4668-BE54-9A1E7A4F7556}") = "SpartaGlobal", "SpartaGlobal\SpartaGlobal.csproj", "{1E99A723-A1C1-4119-97B0-FEC764BA1FAE}"
EndProject
Global
	GlobalSection(SolutionConfigurationPlatforms) = preSolution
		Debug|Any CPU = Debug|Any CPU
		Release|Any CPU = Release|Any CPU
	EndGlobalSection
	GlobalSection(ProjectConfigurationPlatforms) = postSolution
		{4AE0BF5B-91D3-4F71-AAC2-176F8BC31D43}.Debug|Any CPU.ActiveCfg = Debug|Any CPU
		{4AE0BF5B-91D3-4F71-AAC2-176F8BC31D43}.Debug|Any CPU.Build.0 = Debug|Any CPU
		{4AE0BF5B-91D3-4F71-AAC2-176F8BC31D43}.Release|Any CPU.ActiveCfg = Release|Any CPU
		{4AE0BF5B-91D3-4F71-AAC2-176F8BC31D43}.Release|Any CPU.Build.0 = Release|Any CPU
		{9E56B275-5089-42AD-826E-16BA9268FDC7}.Debug|Any CPU.ActiveCfg = Debug|Any CPU
		{9E56B275-5089-42AD-826E-16BA9268FDC7}.Debug|Any CPU.Build.0 = Debug|Any CPU
		{9E56B275-5089-42AD-826E-16BA9268FDC7}.Release|Any CPU.ActiveCfg = Release|Any CPU
		{9E56B275-5089-42AD-826E-16BA9268FDC7}.Release|Any CPU.Build.0 = Release|Any CPU
		{1377FF86-8B13-491D-B492-0703467CB827}.Debug|Any CPU.ActiveCfg = Debug|Any CPU
		{1377FF86-8B13-491D-B492-0703467CB827}.Debug|Any CPU.Build.0 = Debug|Any CPU
		{1377FF86-8B13-491D-B492-0703467CB827}.Release|Any CPU.ActiveCfg = Release|Any CPU
		{1377FF86-8B13-491D-B492-0703467CB827}.Release|Any CPU.Build.0 = Release|Any CPU
		{8CE4183C-0583-483B-A119-A7853109FC74}.Debug|Any CPU.ActiveCfg = Debug|Any CPU
		{8CE4183C-0583-483B-A119-A7853109FC74}.Debug|Any CPU.Build.0 = Debug|Any CPU
		{8CE4183C-0583-483B-A119-A7853109FC74}.Release|Any CPU.ActiveCfg = Release|Any CPU
		{8CE4183C-0583-483B-A119-A7853109FC74}.Release|Any CPU.Build.0 = Release|Any CPU
		{4BA1C730-FF32-401C-9B5D-B4C478CE03B3}.Debug|Any CPU.ActiveCfg = Debug|Any CPU
		{4BA1C730-FF32-401C-9B5D-B4C478CE03B3}.Debug|Any CPU.Build.0 = Debug|Any CPU
		{4BA1C730-FF32-401C-9B5D-B4C478CE03B3}.Release|Any CPU.ActiveCfg = Release|Any CPU
		{4BA1C730-FF32-401C-9B5D-B4C478CE03B3}.Release|Any CPU.Build.0 = Release|Any CPU
		{5F49C191-985B-4E7E-BE2E-F473B2BFC933}.Debug|Any CPU.ActiveCfg = Debug|Any CPU
		{5F49C191-985B-4E7E-BE2E-F473B2BFC933}.Debug|Any CPU.Build.0 = Debug|Any CPU
		{5F49C191-985B-4E7E-BE2E-F473B2BFC933}.Release|Any CPU.ActiveCfg = Release|Any CPU
		{5F49C191-985B-4E7E-BE2E-F473B2BFC933}.Release|Any CPU.Build.0 = Release|Any CPU
		{DE005BD1-21B6-4190-82DA-2290EE127D37}.Debug|Any CPU.ActiveCfg = Debug|Any CPU
		{DE005BD1-21B6-4190-82DA-2290EE127D37}.Debug|Any CPU.Build.0 = Debug|Any CPU
		{DE005BD1-21B6-4190-82DA-2290EE127D37}.Release|Any CPU.ActiveCfg = Release|Any CPU
		{DE005BD1-21B6-4190-82DA-2290EE127D37}.Release|Any CPU.Build.0 = Release|Any CPU
		{1E99A723-A1C1-4119-97B0-FEC764BA1FAE}.Debug|Any CPU.ActiveCfg = Debug|Any CPU
		{1E99A723-A1C1-4119-97B0-FEC764BA1FAE}.Debug|Any CPU.Build.0 = Debug|Any CPU
		{1E99A723-A1C1-4119-97B0-FEC764BA1FAE}.Release|Any CPU.ActiveCfg = Release|Any CPU
		{1E99A723-A1C1-4119-97B0-FEC764BA1FAE}.Release|Any CPU.Build.0 = Release|Any CPU
	EndGlobalSection
	GlobalSection(SolutionProperties) = preSolution
		HideSolutionNode = FALSE
	EndGlobalSection
	GlobalSection(NestedProjects) = preSolution
		{8CE4183C-0583-483B-A119-A7853109FC74} = {20581170-7276-4C28-8AE6-C13DD4FDC07C}
		{4BA1C730-FF32-401C-9B5D-B4C478CE03B3} = {20581170-7276-4C28-8AE6-C13DD4FDC07C}
		{5F49C191-985B-4E7E-BE2E-F473B2BFC933} = {20581170-7276-4C28-8AE6-C13DD4FDC07C}
		{DE005BD1-21B6-4190-82DA-2290EE127D37} = {20581170-7276-4C28-8AE6-C13DD4FDC07C}
	EndGlobalSection
	GlobalSection(ExtensibilityGlobals) = postSolution
		SolutionGuid = {E814B3DD-ADA9-48F2-9A23-49D01DA5746B}
	EndGlobalSection
EndGlobal
