
Microsoft Visual Studio Solution File, Format Version 12.00
# Visual Studio Version 16
VisualStudioVersion = 16.0.31424.327
MinimumVisualStudioVersion = 10.0.40219.1
Project("{FAE04EC0-301F-11D3-BF4B-00C04F79EFBC}") = "SwapApp", "SwapApp\SwapApp.csproj", "{22AC5FF4-AC06-4EB3-8150-487297FAA80E}"
EndProject
Project("{FAE04EC0-301F-11D3-BF4B-00C04F79EFBC}") = "Tests", "Tests\Tests.csproj", "{92C14B4E-C374-42D4-96A9-F08DBD3824B4}"
EndProject
Global
	GlobalSection(SolutionConfigurationPlatforms) = preSolution
		Debug|Any CPU = Debug|Any CPU
		Release|Any CPU = Release|Any CPU
	EndGlobalSection
	GlobalSection(ProjectConfigurationPlatforms) = postSolution
		{22AC5FF4-AC06-4EB3-8150-487297FAA80E}.Debug|Any CPU.ActiveCfg = Debug|Any CPU
		{22AC5FF4-AC06-4EB3-8150-487297FAA80E}.Debug|Any CPU.Build.0 = Debug|Any CPU
		{22AC5FF4-AC06-4EB3-8150-487297FAA80E}.Release|Any CPU.ActiveCfg = Release|Any CPU
		{22AC5FF4-AC06-4EB3-8150-487297FAA80E}.Release|Any CPU.Build.0 = Release|Any CPU
		{92C14B4E-C374-42D4-96A9-F08DBD3824B4}.Debug|Any CPU.ActiveCfg = Debug|Any CPU
		{92C14B4E-C374-42D4-96A9-F08DBD3824B4}.Debug|Any CPU.Build.0 = Debug|Any CPU
		{92C14B4E-C374-42D4-96A9-F08DBD3824B4}.Release|Any CPU.ActiveCfg = Release|Any CPU
		{92C14B4E-C374-42D4-96A9-F08DBD3824B4}.Release|Any CPU.Build.0 = Release|Any CPU
	EndGlobalSection
	GlobalSection(SolutionProperties) = preSolution
		HideSolutionNode = FALSE
	EndGlobalSection
	GlobalSection(ExtensibilityGlobals) = postSolution
		SolutionGuid = {BA75CD34-7F54-4EE3-9CB5-C9A6BFCD40B8}
	EndGlobalSection
EndGlobal
