
Microsoft Visual Studio Solution File, Format Version 12.00
# Visual Studio Version 16
VisualStudioVersion = 16.0.31424.327
MinimumVisualStudioVersion = 10.0.40219.1
Project("{FAE04EC0-301F-11D3-BF4B-00C04F79EFBC}") = "SecondHighestDigitApp", "SecondHighestDigitApp\SecondHighestDigitApp.csproj", "{33FBBB3F-BCDA-4D4C-8172-6179B5AAEF5F}"
EndProject
Project("{FAE04EC0-301F-11D3-BF4B-00C04F79EFBC}") = "FunctionTest", "FunctionTest\FunctionTest.csproj", "{D2410490-E5E7-4619-83BF-DCAD00A05452}"
EndProject
Global
	GlobalSection(SolutionConfigurationPlatforms) = preSolution
		Debug|Any CPU = Debug|Any CPU
		Release|Any CPU = Release|Any CPU
	EndGlobalSection
	GlobalSection(ProjectConfigurationPlatforms) = postSolution
		{33FBBB3F-BCDA-4D4C-8172-6179B5AAEF5F}.Debug|Any CPU.ActiveCfg = Debug|Any CPU
		{33FBBB3F-BCDA-4D4C-8172-6179B5AAEF5F}.Debug|Any CPU.Build.0 = Debug|Any CPU
		{33FBBB3F-BCDA-4D4C-8172-6179B5AAEF5F}.Release|Any CPU.ActiveCfg = Release|Any CPU
		{33FBBB3F-BCDA-4D4C-8172-6179B5AAEF5F}.Release|Any CPU.Build.0 = Release|Any CPU
		{D2410490-E5E7-4619-83BF-DCAD00A05452}.Debug|Any CPU.ActiveCfg = Debug|Any CPU
		{D2410490-E5E7-4619-83BF-DCAD00A05452}.Debug|Any CPU.Build.0 = Debug|Any CPU
		{D2410490-E5E7-4619-83BF-DCAD00A05452}.Release|Any CPU.ActiveCfg = Release|Any CPU
		{D2410490-E5E7-4619-83BF-DCAD00A05452}.Release|Any CPU.Build.0 = Release|Any CPU
	EndGlobalSection
	GlobalSection(SolutionProperties) = preSolution
		HideSolutionNode = FALSE
	EndGlobalSection
	GlobalSection(ExtensibilityGlobals) = postSolution
		SolutionGuid = {A8B9C3B7-0B9B-4E77-A957-22256B04D7CA}
	EndGlobalSection
EndGlobal
